
Microsoft Visual Studio Solution File, Format Version 12.00
# Visual Studio Version 17
VisualStudioVersion = 17.8.34330.188
MinimumVisualStudioVersion = 10.0.40219.1
Project("{9A19103F-16F7-4668-BE54-9A1E7A4F7556}") = "Unofficial.Microsoft.Extensions.Logging.TextFile", "Unofficial.Microsoft.Extensions.Logging.TextFile\Unofficial.Microsoft.Extensions.Logging.TextFile.csproj", "{0B4BCAA4-27F8-455B-9B78-5D73B33A3A3E}"
EndProject
Project("{2150E333-8FDC-42A3-9474-1A3956D46DE8}") = "Solution Items", "Solution Items", "{B0FA477C-D3B1-4387-937B-76C86B148958}"
	ProjectSection(SolutionItems) = preProject
		.gitignore = .gitignore
		Directory.Build.props = Directory.Build.props
		Directory.Packages.props = Directory.Packages.props
		LICENSE = LICENSE
		nuget.config = nuget.config
		README.md = README.md
	EndProjectSection
EndProject
Global
	GlobalSection(SolutionConfigurationPlatforms) = preSolution
		Debug|Any CPU = Debug|Any CPU
		Release|Any CPU = Release|Any CPU
	EndGlobalSection
	GlobalSection(ProjectConfigurationPlatforms) = postSolution
		{0B4BCAA4-27F8-455B-9B78-5D73B33A3A3E}.Debug|Any CPU.ActiveCfg = Debug|Any CPU
		{0B4BCAA4-27F8-455B-9B78-5D73B33A3A3E}.Debug|Any CPU.Build.0 = Debug|Any CPU
		{0B4BCAA4-27F8-455B-9B78-5D73B33A3A3E}.Release|Any CPU.ActiveCfg = Release|Any CPU
		{0B4BCAA4-27F8-455B-9B78-5D73B33A3A3E}.Release|Any CPU.Build.0 = Release|Any CPU
	EndGlobalSection
	GlobalSection(SolutionProperties) = preSolution
		HideSolutionNode = FALSE
	EndGlobalSection
	GlobalSection(ExtensibilityGlobals) = postSolution
		SolutionGuid = {87E2CC54-19BA-4680-B7A2-F3C114919E6A}
	EndGlobalSection
EndGlobal
